
Microsoft Visual Studio Solution File, Format Version 12.00
# Visual Studio Version 17
VisualStudioVersion = 17.3.32922.545
MinimumVisualStudioVersion = 10.0.40219.1
Project("{FAE04EC0-301F-11D3-BF4B-00C04F79EFBC}") = "eCommerceExample", "eCommerceExample\eCommerceExample.csproj", "{B6AA07D3-DEF5-456B-A6EB-5835693F33DA}"
EndProject
Global
	GlobalSection(SolutionConfigurationPlatforms) = preSolution
		Debug|Any CPU = Debug|Any CPU
		Release|Any CPU = Release|Any CPU
	EndGlobalSection
	GlobalSection(ProjectConfigurationPlatforms) = postSolution
		{B6AA07D3-DEF5-456B-A6EB-5835693F33DA}.Debug|Any CPU.ActiveCfg = Debug|Any CPU
		{B6AA07D3-DEF5-456B-A6EB-5835693F33DA}.Debug|Any CPU.Build.0 = Debug|Any CPU
		{B6AA07D3-DEF5-456B-A6EB-5835693F33DA}.Release|Any CPU.ActiveCfg = Release|Any CPU
		{B6AA07D3-DEF5-456B-A6EB-5835693F33DA}.Release|Any CPU.Build.0 = Release|Any CPU
	EndGlobalSection
	GlobalSection(SolutionProperties) = preSolution
		HideSolutionNode = FALSE
	EndGlobalSection
	GlobalSection(ExtensibilityGlobals) = postSolution
		SolutionGuid = {B2BBA381-ADD5-4ABD-A053-81B8C7B805D5}
	EndGlobalSection
EndGlobal
